<Solution>
  <Folder Name="/src/">
    <Project Path="src/Restaurant.Management.Shared/Restaurant.Shared.csproj" />
    <Project Path="src/Restaurant.ServiceBus/GenericServiceBus.csproj" Id="daa5a444-d352-4006-811e-0634aaca0d63" />
  </Folder>
  <Folder Name="/src/Restaurant.Authentication/">
    <Project Path="src/Restaurant.Authentication/Restaurant.Authentication.AggregateRoot/Restaurant.Authentication.AggregateRoot.csproj" Id="f5f27eb6-49a4-402d-a152-16207d34ee9e" />
    <Project Path="src/Restaurant.Authentication/Restaurant.Authentication.API/Restaurant.Authentication.API.csproj" Id="0f08d83a-e0b7-4aa6-b96c-8820f21aee14" />
    <Project Path="src/Restaurant.Authentication/Restaurant.Authentication.DTO/Restaurant.Authentication.DTO.csproj" Id="e9963159-bca7-435f-af67-7854de891331" />
    <Project Path="src/Restaurant.Authentication/Restaurant.Authentication.Handler/Restaurant.Authentication.Handler.csproj" Id="29324afb-710f-4d78-942d-cd684e3da615" />
    <Project Path="src/Restaurant.Authentication/Restaurant.Authentication.Repository/Restaurant.Authentication.Repository.csproj" Id="be1a8d4f-4422-4168-8b7a-a4f6bf451c96" />
  </Folder>
  <Folder Name="/src/Restaurant.Management/">
    <Project Path="src/Restaurant.Management/Restaurant.Management.AggregateRoot/Restaurant.Management.AggregateRoot.csproj" />
    <Project Path="src/Restaurant.Management/Restaurant.Management.DTO/Restaurant.Management.DTO.csproj" />
    <Project Path="src/Restaurant.Management/Restaurant.Management.Handler/Restaurant.Management.Handler.csproj" />
    <Project Path="src/Restaurant.Management/Restaurant.Management.Repository/Restaurant.Management.Repository.csproj" />
    <Project Path="src/Restaurant.Management/Restautant.Management.API/Restaurant.Management.API.csproj" />
  </Folder>
  <Folder Name="/src/Restaurant.Orchestrator/">
    <Project Path="src/Restaurant.Orchestrator/Restaurant.Orchestrator.API/Restaurant.Orchestrator.API.csproj" Id="bf787e0c-0f17-49f7-8adc-f76534729c6c" />
    <Project Path="src/Restaurant.Orchestrator/Restaurant.Orchestrator.DTO/Restaurant.Orchestrator.DTO.csproj" Id="9cb6150c-7ec5-4d26-9ecd-283620850214" />
    <Project Path="src/Restaurant.Orchestrator/Restaurant.Orchestrator.Handler/Restaurant.Orchestrator.Handler.csproj" Id="5103adf8-75ec-46b5-8f40-7574a282a0a2" />
  </Folder>
  <Folder Name="/src/Restaurant.Order/">
    <Project Path="src/Restaurant.Order/Restaurant.Order.AggregateRoot/Restaurant.Order.AggregateRoot.csproj" Id="66a2d612-b458-4aa8-b337-bdabf0e69900" />
    <Project Path="src/Restaurant.Order/Restaurant.Order.API/Restaurant.Order.API.csproj" Id="562cdc96-e0e2-43a7-b469-209818d824c5" />
    <Project Path="src/Restaurant.Order/Restaurant.Order.DTO/Restaurant.Order.DTO.csproj" Id="826916dd-6b9b-4bf9-8d51-a14aa30c8674" />
    <Project Path="src/Restaurant.Order/Restaurant.Order.Handler/Restaurant.Order.Handler.csproj" Id="58de8747-0948-49bd-9522-a6caf01a7cd9" />
    <Project Path="src/Restaurant.Order/Restaurant.Order.Repository/Restaurant.Order.Repository.csproj" Id="77d06471-1582-44c7-909f-b0e863ae412f" />
  </Folder>
  <Folder Name="/src/Restaurant.Receipt/">
    <Project Path="src/Restaurant.Receipt/Restaurant.Receipt.AggregateRoot/Restaurant.Receipt.AggregateRoot.csproj" Id="0228b07d-4b71-4a11-9fe9-3a8c0c28bc28" />
    <Project Path="src/Restaurant.Receipt/Restaurant.Receipt.API/Restaurant.Receipt.API.csproj" Id="26c92ce2-72ea-4acb-b682-5a9a895ba931" />
    <Project Path="src/Restaurant.Receipt/Restaurant.Receipt.DTO/Restaurant.Receipt.DTO.csproj" Id="35756376-f5c5-4680-a290-28230b476eef" />
    <Project Path="src/Restaurant.Receipt/Restaurant.Receipt.Handler/Restaurant.Receipt.Handler.csproj" Id="b972ffe3-7389-4d65-97ac-9a4319db0970" />
    <Project Path="src/Restaurant.Receipt/Restaurant.Receipt.Repository/Restaurant.Receipt.Repository.csproj" Id="00b5b966-6759-430c-b113-18cd39e71372" />
  </Folder>
</Solution>
